
Microsoft Visual Studio Solution File, Format Version 12.00
# Visual Studio Version 17
VisualStudioVersion = 17.3.32901.215
MinimumVisualStudioVersion = 10.0.40219.1
Project("{9A19103F-16F7-4668-BE54-9A1E7A4F7556}") = "BlobStorageIntegration", "BlobStorageIntegration\BlobStorageIntegration.csproj", "{EF56F78E-95F6-4F19-942E-267A745C57EB}"
EndProject
Project("{FAE04EC0-301F-11D3-BF4B-00C04F79EFBC}") = "BlobStorageIntegration.Tests", "BlobStorageIntegration.Tests\BlobStorageIntegration.Tests.csproj", "{4FEFE36E-F8A4-4A46-BBFB-92B1FC7DCB5B}"
EndProject
Global
	GlobalSection(SolutionConfigurationPlatforms) = preSolution
		Debug|Any CPU = Debug|Any CPU
		Release|Any CPU = Release|Any CPU
	EndGlobalSection
	GlobalSection(ProjectConfigurationPlatforms) = postSolution
		{EF56F78E-95F6-4F19-942E-267A745C57EB}.Debug|Any CPU.ActiveCfg = Debug|Any CPU
		{EF56F78E-95F6-4F19-942E-267A745C57EB}.Debug|Any CPU.Build.0 = Debug|Any CPU
		{EF56F78E-95F6-4F19-942E-267A745C57EB}.Release|Any CPU.ActiveCfg = Release|Any CPU
		{EF56F78E-95F6-4F19-942E-267A745C57EB}.Release|Any CPU.Build.0 = Release|Any CPU
		{4FEFE36E-F8A4-4A46-BBFB-92B1FC7DCB5B}.Debug|Any CPU.ActiveCfg = Debug|Any CPU
		{4FEFE36E-F8A4-4A46-BBFB-92B1FC7DCB5B}.Debug|Any CPU.Build.0 = Debug|Any CPU
		{4FEFE36E-F8A4-4A46-BBFB-92B1FC7DCB5B}.Release|Any CPU.ActiveCfg = Release|Any CPU
		{4FEFE36E-F8A4-4A46-BBFB-92B1FC7DCB5B}.Release|Any CPU.Build.0 = Release|Any CPU
	EndGlobalSection
	GlobalSection(SolutionProperties) = preSolution
		HideSolutionNode = FALSE
	EndGlobalSection
	GlobalSection(ExtensibilityGlobals) = postSolution
		SolutionGuid = {B367BAC3-25BB-4B8D-87CD-338C4152D411}
	EndGlobalSection
EndGlobal
